
Microsoft Visual Studio Solution File, Format Version 12.00
# Visual Studio Version 16
VisualStudioVersion = 16.0.31129.286
MinimumVisualStudioVersion = 10.0.40219.1
Project("{FAE04EC0-301F-11D3-BF4B-00C04F79EFBC}") = "Client", "Client\Client.csproj", "{62311B69-DC41-40A2-8DD0-DBB1988E09AB}"
EndProject
Global
	GlobalSection(SolutionConfigurationPlatforms) = preSolution
		Debug|Any CPU = Debug|Any CPU
		Release|Any CPU = Release|Any CPU
	EndGlobalSection
	GlobalSection(ProjectConfigurationPlatforms) = postSolution
		{62311B69-DC41-40A2-8DD0-DBB1988E09AB}.Debug|Any CPU.ActiveCfg = Debug|Any CPU
		{62311B69-DC41-40A2-8DD0-DBB1988E09AB}.Debug|Any CPU.Build.0 = Debug|Any CPU
		{62311B69-DC41-40A2-8DD0-DBB1988E09AB}.Release|Any CPU.ActiveCfg = Release|Any CPU
		{62311B69-DC41-40A2-8DD0-DBB1988E09AB}.Release|Any CPU.Build.0 = Release|Any CPU
	EndGlobalSection
	GlobalSection(SolutionProperties) = preSolution
		HideSolutionNode = FALSE
	EndGlobalSection
	GlobalSection(ExtensibilityGlobals) = postSolution
		SolutionGuid = {C933E34E-EB6D-4843-9379-C47FE23EDA6C}
	EndGlobalSection
EndGlobal
